{
  "name": "finloop-news-skills",
  "version": "1.0.0",
  "lockfileVersion": 3,
  "requires": true,
  "packages": {
    "": {
      "name": "finloop-news-skills",
      "version": "1.0.0",
      "license": "MIT",
      "bin": {
        "finloop-news-skills": "bin/finloop-news-skills.js"
      },
      "engines": {
        "node": ">=14.0.0"
      }
    }
  }
}
