{
  "name": "cursor-skills",
  "version": "1.0.0",
  "lockfileVersion": 3,
  "requires": true,
  "packages": {
    "": {
      "name": "cursor-skills",
      "version": "1.0.0",
      "license": "MIT",
      "dependencies": {
        "cursor-skills": "^1.0.0"
      },
      "bin": {
        "cursor-skills": "bin/cursor-skills.js"
      },
      "engines": {
        "node": ">=14.0.0"
      }
    },
    "node_modules/cursor-skills": {
      "version": "1.0.0",
      "resolved": "https://registry.npmjs.org/cursor-skills/-/cursor-skills-1.0.0.tgz",
      "integrity": "sha512-3oYZlr6kGkzSKGAICCQjzVbIlrk13paT01RL5HBBmILoSRJGzW2wQETtHfmBYZb+VJ4+QiLeAUAZ60K3a3M+ug==",
      "license": "MIT",
      "bin": {
        "cursor-skills": "bin/cursor-skills.js"
      },
      "engines": {
        "node": ">=14.0.0"
      }
    }
  }
}
